
Microsoft Visual Studio Solution File, Format Version 12.00
Project("{FAE04EC0-301F-11D3-BF4B-00C04F79EFBC}") = "Mission06_Trotter", "Mission06_Trotter.csproj", "{7B5C1289-E36D-456D-92B9-3AE3CA08CD1E}"
EndProject
Global
	GlobalSection(SolutionConfigurationPlatforms) = preSolution
		Debug|Any CPU = Debug|Any CPU
		Release|Any CPU = Release|Any CPU
	EndGlobalSection
	GlobalSection(ProjectConfigurationPlatforms) = postSolution
		{7B5C1289-E36D-456D-92B9-3AE3CA08CD1E}.Debug|Any CPU.ActiveCfg = Debug|Any CPU
		{7B5C1289-E36D-456D-92B9-3AE3CA08CD1E}.Debug|Any CPU.Build.0 = Debug|Any CPU
		{7B5C1289-E36D-456D-92B9-3AE3CA08CD1E}.Release|Any CPU.ActiveCfg = Release|Any CPU
		{7B5C1289-E36D-456D-92B9-3AE3CA08CD1E}.Release|Any CPU.Build.0 = Release|Any CPU
	EndGlobalSection
EndGlobal
